
Microsoft Visual Studio Solution File, Format Version 12.00
# Visual Studio 15
VisualStudioVersion = 15.0.28307.329
MinimumVisualStudioVersion = 10.0.40219.1
Project("{9A19103F-16F7-4668-BE54-9A1E7A4F7556}") = "EtsyAccess", "EtsyAccess\EtsyAccess.csproj", "{93706335-DBD0-418D-BAE5-7354FA95BB51}"
EndProject
Project("{FAE04EC0-301F-11D3-BF4B-00C04F79EFBC}") = "EtsyAccessTests", "EtsyAccessTests\EtsyAccessTests.csproj", "{C14A1279-8FB0-4A10-91BD-7C97C46547D6}"
EndProject
Project("{2150E333-8FDC-42A3-9474-1A3956D46DE8}") = ".nuget", ".nuget", "{87D8FD2A-3F58-435F-B930-24AF6D079BAE}"
	ProjectSection(SolutionItems) = preProject
		.nuget\NuGet.Config = .nuget\NuGet.Config
		.nuget\nuget.exe = .nuget\nuget.exe
		.nuget\NuGet.targets = .nuget\NuGet.targets
	EndProjectSection
EndProject
Project("{FAE04EC0-301F-11D3-BF4B-00C04F79EFBC}") = "EtsyAccessV1", "EtsyAccessV1\EtsyAccessV1.csproj", "{16059D38-B357-4C36-9417-1FBA221AC04B}"
EndProject
Project("{FAE04EC0-301F-11D3-BF4B-00C04F79EFBC}") = "EtsyAccessV1Tests", "EtsyAccessV1Tests\EtsyAccessV1Tests.csproj", "{FABC2CF7-3F0B-4478-838D-8739F57E6B53}"
EndProject
Global
	GlobalSection(SolutionConfigurationPlatforms) = preSolution
		Debug|Any CPU = Debug|Any CPU
		Release|Any CPU = Release|Any CPU
	EndGlobalSection
	GlobalSection(ProjectConfigurationPlatforms) = postSolution
		{93706335-DBD0-418D-BAE5-7354FA95BB51}.Debug|Any CPU.ActiveCfg = Debug|Any CPU
		{93706335-DBD0-418D-BAE5-7354FA95BB51}.Debug|Any CPU.Build.0 = Debug|Any CPU
		{93706335-DBD0-418D-BAE5-7354FA95BB51}.Release|Any CPU.ActiveCfg = Release|Any CPU
		{93706335-DBD0-418D-BAE5-7354FA95BB51}.Release|Any CPU.Build.0 = Release|Any CPU
		{C14A1279-8FB0-4A10-91BD-7C97C46547D6}.Debug|Any CPU.ActiveCfg = Debug|Any CPU
		{C14A1279-8FB0-4A10-91BD-7C97C46547D6}.Debug|Any CPU.Build.0 = Debug|Any CPU
		{C14A1279-8FB0-4A10-91BD-7C97C46547D6}.Release|Any CPU.ActiveCfg = Release|Any CPU
		{C14A1279-8FB0-4A10-91BD-7C97C46547D6}.Release|Any CPU.Build.0 = Release|Any CPU
		{16059D38-B357-4C36-9417-1FBA221AC04B}.Debug|Any CPU.ActiveCfg = Debug|Any CPU
		{16059D38-B357-4C36-9417-1FBA221AC04B}.Debug|Any CPU.Build.0 = Debug|Any CPU
		{16059D38-B357-4C36-9417-1FBA221AC04B}.Release|Any CPU.ActiveCfg = Release|Any CPU
		{16059D38-B357-4C36-9417-1FBA221AC04B}.Release|Any CPU.Build.0 = Release|Any CPU
		{FABC2CF7-3F0B-4478-838D-8739F57E6B53}.Debug|Any CPU.ActiveCfg = Debug|Any CPU
		{FABC2CF7-3F0B-4478-838D-8739F57E6B53}.Debug|Any CPU.Build.0 = Debug|Any CPU
		{FABC2CF7-3F0B-4478-838D-8739F57E6B53}.Release|Any CPU.ActiveCfg = Release|Any CPU
		{FABC2CF7-3F0B-4478-838D-8739F57E6B53}.Release|Any CPU.Build.0 = Release|Any CPU
	EndGlobalSection
	GlobalSection(SolutionProperties) = preSolution
		HideSolutionNode = FALSE
	EndGlobalSection
	GlobalSection(ExtensibilityGlobals) = postSolution
		SolutionGuid = {D9F626A1-A933-4A82-B514-9928BE302E57}
	EndGlobalSection
EndGlobal
